--- Cargo.lock.orig	2025-10-09 12:49:11 UTC
+++ Cargo.lock
@@ -153,10 +153,13 @@ dependencies = [
 ]
 
 [[package]]
-name = "byteorder"
-version = "1.5.0"
+name = "block2"
+version = "0.6.2"
 source = "registry+https://github.com/rust-lang/crates.io-index"
-checksum = "1fd0f2584146f6f2ef48085050886acf353beff7305ebd1ae69500e27c67f64b"
+checksum = "cdeb9d870516001442e364c5220d3574d2da8dc765554b4a617230d33fa58ef5"
+dependencies = [
+ "objc2",
+]
 
 [[package]]
 name = "bytes"
@@ -202,7 +205,7 @@ dependencies = [
  "atty",
  "bitflags 1.3.2",
  "clap_lex",
- "indexmap",
+ "indexmap 1.9.3",
  "strsim",
  "termcolor",
  "textwrap",
@@ -224,22 +227,6 @@ checksum = "b05b61dc5112cbb17e4b6cd61790d9845d13888356
 checksum = "b05b61dc5112cbb17e4b6cd61790d9845d13888356391624cbe7e41efeac1e75"
 
 [[package]]
-name = "core-foundation"
-version = "0.9.4"
-source = "registry+https://github.com/rust-lang/crates.io-index"
-checksum = "91e195e091a93c46f7102ec7818a2aa394e1e1771c3ab4825963fa03e45afb8f"
-dependencies = [
- "core-foundation-sys",
- "libc",
-]
-
-[[package]]
-name = "core-foundation-sys"
-version = "0.8.7"
-source = "registry+https://github.com/rust-lang/crates.io-index"
-checksum = "773648b94d0e5d620f64f280777445740e61fe701025087ec8b57f45c791888b"
-
-[[package]]
 name = "crc"
 version = "3.3.0"
 source = "registry+https://github.com/rust-lang/crates.io-index"
@@ -265,6 +252,15 @@ dependencies = [
 ]
 
 [[package]]
+name = "deranged"
+version = "0.5.5"
+source = "registry+https://github.com/rust-lang/crates.io-index"
+checksum = "ececcb659e7ba858fb4f10388c250a7252eb0a27373f1a72b8748afdd248e587"
+dependencies = [
+ "powerfmt",
+]
+
+[[package]]
 name = "digest"
 version = "0.10.7"
 source = "registry+https://github.com/rust-lang/crates.io-index"
@@ -275,6 +271,18 @@ dependencies = [
 ]
 
 [[package]]
+name = "dispatch2"
+version = "0.3.0"
+source = "registry+https://github.com/rust-lang/crates.io-index"
+checksum = "89a09f22a6c6069a18470eb92d2298acf25463f14256d24778e1230d789a2aec"
+dependencies = [
+ "bitflags 2.9.4",
+ "block2",
+ "libc",
+ "objc2",
+]
+
+[[package]]
 name = "displaydoc"
 version = "0.2.5"
 source = "registry+https://github.com/rust-lang/crates.io-index"
@@ -320,6 +328,12 @@ dependencies = [
 ]
 
 [[package]]
+name = "equivalent"
+version = "1.0.2"
+source = "registry+https://github.com/rust-lang/crates.io-index"
+checksum = "877a4ace8713b0bcf2a4e7eec82529c029f1d0619886d18145fea96c3ffe5c0f"
+
+[[package]]
 name = "find-msvc-tools"
 version = "0.1.2"
 source = "registry+https://github.com/rust-lang/crates.io-index"
@@ -469,6 +483,12 @@ checksum = "8a9ee70c43aaf417c914396645a0fa852624801b24
 checksum = "8a9ee70c43aaf417c914396645a0fa852624801b24ebb7ae78fe8272889ac888"
 
 [[package]]
+name = "hashbrown"
+version = "0.16.1"
+source = "registry+https://github.com/rust-lang/crates.io-index"
+checksum = "841d1cc9bed7f9236f321df977030373f4a4163ae1a7dbfe1a51a2c1a51d9100"
+
+[[package]]
 name = "hermit-abi"
 version = "0.1.19"
 source = "registry+https://github.com/rust-lang/crates.io-index"
@@ -591,10 +611,20 @@ dependencies = [
 checksum = "bd070e393353796e801d209ad339e89596eb4c8d430d18ede6a1cced8fafbd99"
 dependencies = [
  "autocfg",
- "hashbrown",
+ "hashbrown 0.12.3",
 ]
 
 [[package]]
+name = "indexmap"
+version = "2.13.0"
+source = "registry+https://github.com/rust-lang/crates.io-index"
+checksum = "7714e70437a7dc3ac8eb7e6f8df75fd8eb422675fc7678aff7364301092b1017"
+dependencies = [
+ "equivalent",
+ "hashbrown 0.16.1",
+]
+
+[[package]]
 name = "io-uring"
 version = "0.7.10"
 source = "registry+https://github.com/rust-lang/crates.io-index"
@@ -618,6 +648,12 @@ checksum = "7943c866cc5cd64cbc25b2e01621d07fa8eb2a1a23
 checksum = "7943c866cc5cd64cbc25b2e01621d07fa8eb2a1a23160ee81ce38704e97b8ecf"
 
 [[package]]
+name = "itoa"
+version = "1.0.17"
+source = "registry+https://github.com/rust-lang/crates.io-index"
+checksum = "92ecc6618181def0457392ccd0ee51198e065e016d1d527a7ac1b6dc7c1f09d2"
+
+[[package]]
 name = "jiff"
 version = "0.2.15"
 source = "registry+https://github.com/rust-lang/crates.io-index"
@@ -676,6 +712,12 @@ checksum = "34080505efa8e45a4b816c349525ebe327ceaa8559
 checksum = "34080505efa8e45a4b816c349525ebe327ceaa8559756f0356cba97ef3bf7432"
 
 [[package]]
+name = "mac-addr"
+version = "0.3.0"
+source = "registry+https://github.com/rust-lang/crates.io-index"
+checksum = "d3d25b0e0b648a86960ac23b7ad4abb9717601dec6f66c165f5b037f3f03065f"
+
+[[package]]
 name = "md-5"
 version = "0.10.6"
 source = "registry+https://github.com/rust-lang/crates.io-index"
@@ -722,60 +764,48 @@ name = "netdev"
 
 [[package]]
 name = "netdev"
-version = "0.37.3"
+version = "0.40.0"
 source = "registry+https://github.com/rust-lang/crates.io-index"
-checksum = "daa1e3eaf125c54c21e6221df12dd2a0a682784a068782dd564c836c0f281b6d"
+checksum = "dc9815643a243856e7bd84524e1ff739e901e846cfb06ad9627cd2b6d59bd737"
 dependencies = [
+ "block2",
+ "dispatch2",
  "dlopen2",
  "ipnet",
  "libc",
+ "mac-addr",
  "netlink-packet-core",
  "netlink-packet-route",
  "netlink-sys",
+ "objc2-core-foundation",
+ "objc2-system-configuration",
  "once_cell",
- "system-configuration",
+ "plist",
  "windows-sys 0.59.0",
 ]
 
 [[package]]
 name = "netlink-packet-core"
-version = "0.7.0"
+version = "0.8.1"
 source = "registry+https://github.com/rust-lang/crates.io-index"
-checksum = "72724faf704479d67b388da142b186f916188505e7e0b26719019c525882eda4"
+checksum = "3463cbb78394cb0141e2c926b93fc2197e473394b761986eca3b9da2c63ae0f4"
 dependencies = [
- "anyhow",
- "byteorder",
- "netlink-packet-utils",
+ "paste",
 ]
 
 [[package]]
 name = "netlink-packet-route"
-version = "0.22.0"
+version = "0.25.1"
 source = "registry+https://github.com/rust-lang/crates.io-index"
-checksum = "fc0e7987b28514adf555dc1f9a5c30dfc3e50750bbaffb1aec41ca7b23dcd8e4"
+checksum = "3ec2f5b6839be2a19d7fa5aab5bc444380f6311c2b693551cb80f45caaa7b5ef"
 dependencies = [
- "anyhow",
  "bitflags 2.9.4",
- "byteorder",
  "libc",
  "log",
  "netlink-packet-core",
- "netlink-packet-utils",
 ]
 
 [[package]]
-name = "netlink-packet-utils"
-version = "0.5.2"
-source = "registry+https://github.com/rust-lang/crates.io-index"
-checksum = "0ede8a08c71ad5a95cdd0e4e52facd37190977039a4704eb82a283f713747d34"
-dependencies = [
- "anyhow",
- "byteorder",
- "paste",
- "thiserror",
-]
-
-[[package]]
 name = "netlink-sys"
 version = "0.8.7"
 source = "registry+https://github.com/rust-lang/crates.io-index"
@@ -800,6 +830,65 @@ dependencies = [
 ]
 
 [[package]]
+name = "num-conv"
+version = "0.1.0"
+source = "registry+https://github.com/rust-lang/crates.io-index"
+checksum = "51d515d32fb182ee37cda2ccdcb92950d6a3c2893aa280e540671c2cd0f3b1d9"
+
+[[package]]
+name = "objc2"
+version = "0.6.3"
+source = "registry+https://github.com/rust-lang/crates.io-index"
+checksum = "b7c2599ce0ec54857b29ce62166b0ed9b4f6f1a70ccc9a71165b6154caca8c05"
+dependencies = [
+ "objc2-encode",
+]
+
+[[package]]
+name = "objc2-core-foundation"
+version = "0.3.2"
+source = "registry+https://github.com/rust-lang/crates.io-index"
+checksum = "2a180dd8642fa45cdb7dd721cd4c11b1cadd4929ce112ebd8b9f5803cc79d536"
+dependencies = [
+ "bitflags 2.9.4",
+ "block2",
+ "dispatch2",
+ "libc",
+ "objc2",
+]
+
+[[package]]
+name = "objc2-encode"
+version = "4.1.0"
+source = "registry+https://github.com/rust-lang/crates.io-index"
+checksum = "ef25abbcd74fb2609453eb695bd2f860d389e457f67dc17cafc8b8cbc89d0c33"
+
+[[package]]
+name = "objc2-security"
+version = "0.3.2"
+source = "registry+https://github.com/rust-lang/crates.io-index"
+checksum = "709fe137109bd1e8b5a99390f77a7d8b2961dafc1a1c5db8f2e60329ad6d895a"
+dependencies = [
+ "bitflags 2.9.4",
+ "objc2",
+ "objc2-core-foundation",
+]
+
+[[package]]
+name = "objc2-system-configuration"
+version = "0.3.2"
+source = "registry+https://github.com/rust-lang/crates.io-index"
+checksum = "7216bd11cbda54ccabcab84d523dc93b858ec75ecfb3a7d89513fa22464da396"
+dependencies = [
+ "bitflags 2.9.4",
+ "dispatch2",
+ "libc",
+ "objc2",
+ "objc2-core-foundation",
+ "objc2-security",
+]
+
+[[package]]
 name = "object"
 version = "0.37.3"
 source = "registry+https://github.com/rust-lang/crates.io-index"
@@ -874,6 +963,19 @@ checksum = "8b870d8c151b6f2fb93e84a13146138f05d02ed11c
 checksum = "8b870d8c151b6f2fb93e84a13146138f05d02ed11c7e7c54f8826aaaf7c9f184"
 
 [[package]]
+name = "plist"
+version = "1.8.0"
+source = "registry+https://github.com/rust-lang/crates.io-index"
+checksum = "740ebea15c5d1428f910cd1a5f52cebf8d25006245ed8ade92702f4943d91e07"
+dependencies = [
+ "base64",
+ "indexmap 2.13.0",
+ "quick-xml",
+ "serde",
+ "time",
+]
+
+[[package]]
 name = "portable-atomic"
 version = "1.11.1"
 source = "registry+https://github.com/rust-lang/crates.io-index"
@@ -898,6 +1000,12 @@ dependencies = [
 ]
 
 [[package]]
+name = "powerfmt"
+version = "0.2.0"
+source = "registry+https://github.com/rust-lang/crates.io-index"
+checksum = "439ee305def115ba05938db6eb1644ff94165c5ab5e9420d1c1bcedbba909391"
+
+[[package]]
 name = "ppv-lite86"
 version = "0.2.21"
 source = "registry+https://github.com/rust-lang/crates.io-index"
@@ -916,6 +1024,15 @@ dependencies = [
 ]
 
 [[package]]
+name = "quick-xml"
+version = "0.38.4"
+source = "registry+https://github.com/rust-lang/crates.io-index"
+checksum = "b66c2058c55a409d601666cffe35f04333cf1013010882cec174a7467cd4e21c"
+dependencies = [
+ "memchr",
+]
+
+[[package]]
 name = "quote"
 version = "1.0.40"
 source = "registry+https://github.com/rust-lang/crates.io-index"
@@ -1150,27 +1267,6 @@ dependencies = [
 ]
 
 [[package]]
-name = "system-configuration"
-version = "0.6.1"
-source = "registry+https://github.com/rust-lang/crates.io-index"
-checksum = "3c879d448e9d986b661742763247d3693ed13609438cf3d006f51f5368a5ba6b"
-dependencies = [
- "bitflags 2.9.4",
- "core-foundation",
- "system-configuration-sys",
-]
-
-[[package]]
-name = "system-configuration-sys"
-version = "0.6.0"
-source = "registry+https://github.com/rust-lang/crates.io-index"
-checksum = "8e1d1b10ced5ca923a1fcb8d03e96b8d3268065d724548c0211415ff6ac6bac4"
-dependencies = [
- "core-foundation-sys",
- "libc",
-]
-
-[[package]]
 name = "termcolor"
 version = "1.4.1"
 source = "registry+https://github.com/rust-lang/crates.io-index"
@@ -1203,6 +1299,37 @@ dependencies = [
  "proc-macro2",
  "quote",
  "syn",
+]
+
+[[package]]
+name = "time"
+version = "0.3.45"
+source = "registry+https://github.com/rust-lang/crates.io-index"
+checksum = "f9e442fc33d7fdb45aa9bfeb312c095964abdf596f7567261062b2a7107aaabd"
+dependencies = [
+ "deranged",
+ "itoa",
+ "num-conv",
+ "powerfmt",
+ "serde_core",
+ "time-core",
+ "time-macros",
+]
+
+[[package]]
+name = "time-core"
+version = "0.1.7"
+source = "registry+https://github.com/rust-lang/crates.io-index"
+checksum = "8b36ee98fd31ec7426d599183e8fe26932a8dc1fb76ddb6214d05493377d34ca"
+
+[[package]]
+name = "time-macros"
+version = "0.2.25"
+source = "registry+https://github.com/rust-lang/crates.io-index"
+checksum = "71e552d1249bf61ac2a52db88179fd0673def1e1ad8243a00d9ec9ed71fee3dd"
+dependencies = [
+ "num-conv",
+ "time-core",
 ]
 
 [[package]]
